
Microsoft Visual Studio Solution File, Format Version 12.00
# Visual Studio Version 17
VisualStudioVersion = 17.4.33122.133
MinimumVisualStudioVersion = 10.0.40219.1
Project("{FAE04EC0-301F-11D3-BF4B-00C04F79EFBC}") = "PustokApp", "PustokApp.csproj", "{DE917707-A75F-44D3-AB98-767D1B7F9EBF}"
EndProject
Global
	GlobalSection(SolutionConfigurationPlatforms) = preSolution
		Debug|Any CPU = Debug|Any CPU
		Release|Any CPU = Release|Any CPU
	EndGlobalSection
	GlobalSection(ProjectConfigurationPlatforms) = postSolution
		{DE917707-A75F-44D3-AB98-767D1B7F9EBF}.Debug|Any CPU.ActiveCfg = Debug|Any CPU
		{DE917707-A75F-44D3-AB98-767D1B7F9EBF}.Debug|Any CPU.Build.0 = Debug|Any CPU
		{DE917707-A75F-44D3-AB98-767D1B7F9EBF}.Release|Any CPU.ActiveCfg = Release|Any CPU
		{DE917707-A75F-44D3-AB98-767D1B7F9EBF}.Release|Any CPU.Build.0 = Release|Any CPU
	EndGlobalSection
	GlobalSection(SolutionProperties) = preSolution
		HideSolutionNode = FALSE
	EndGlobalSection
	GlobalSection(ExtensibilityGlobals) = postSolution
		SolutionGuid = {1D542B3F-2D1E-47E3-8B59-D863E7DB185B}
	EndGlobalSection
EndGlobal
